
Microsoft Visual Studio Solution File, Format Version 12.00
# Visual Studio Version 17
VisualStudioVersion = 17.13.35919.96 d17.13
MinimumVisualStudioVersion = 10.0.40219.1
Project("{FAE04EC0-301F-11D3-BF4B-00C04F79EFBC}") = "FinancialPreferenceSystem", "FinancialPreferenceSystem\FinancialPreferenceSystem.csproj", "{031AFE41-B77B-45CB-85D4-E6159321BBCB}"
EndProject
Global
	GlobalSection(SolutionConfigurationPlatforms) = preSolution
		Debug|Any CPU = Debug|Any CPU
		Release|Any CPU = Release|Any CPU
	EndGlobalSection
	GlobalSection(ProjectConfigurationPlatforms) = postSolution
		{031AFE41-B77B-45CB-85D4-E6159321BBCB}.Debug|Any CPU.ActiveCfg = Debug|Any CPU
		{031AFE41-B77B-45CB-85D4-E6159321BBCB}.Debug|Any CPU.Build.0 = Debug|Any CPU
		{031AFE41-B77B-45CB-85D4-E6159321BBCB}.Release|Any CPU.ActiveCfg = Release|Any CPU
		{031AFE41-B77B-45CB-85D4-E6159321BBCB}.Release|Any CPU.Build.0 = Release|Any CPU
	EndGlobalSection
	GlobalSection(SolutionProperties) = preSolution
		HideSolutionNode = FALSE
	EndGlobalSection
	GlobalSection(ExtensibilityGlobals) = postSolution
		SolutionGuid = {1D238CA0-0E89-4981-87E6-CC454D1458C4}
	EndGlobalSection
EndGlobal
